
Microsoft Visual Studio Solution File, Format Version 12.00
# Visual Studio 15
VisualStudioVersion = 15.0.28010.2041
MinimumVisualStudioVersion = 10.0.40219.1
Project("{FAE04EC0-301F-11D3-BF4B-00C04F79EFBC}") = "LL_Kth_From_End", "LL_Kth_From_End\LL_Kth_From_End.csproj", "{0B60A580-3911-4F49-9010-EF63BD85D72C}"
EndProject
Project("{FAE04EC0-301F-11D3-BF4B-00C04F79EFBC}") = "XUnitTestProject1", "XUnitTestProject1\XUnitTestProject1.csproj", "{D1170EB7-A07E-4B5A-BBB2-D16FB8548940}"
EndProject
Global
	GlobalSection(SolutionConfigurationPlatforms) = preSolution
		Debug|Any CPU = Debug|Any CPU
		Release|Any CPU = Release|Any CPU
	EndGlobalSection
	GlobalSection(ProjectConfigurationPlatforms) = postSolution
		{0B60A580-3911-4F49-9010-EF63BD85D72C}.Debug|Any CPU.ActiveCfg = Debug|Any CPU
		{0B60A580-3911-4F49-9010-EF63BD85D72C}.Debug|Any CPU.Build.0 = Debug|Any CPU
		{0B60A580-3911-4F49-9010-EF63BD85D72C}.Release|Any CPU.ActiveCfg = Release|Any CPU
		{0B60A580-3911-4F49-9010-EF63BD85D72C}.Release|Any CPU.Build.0 = Release|Any CPU
		{D1170EB7-A07E-4B5A-BBB2-D16FB8548940}.Debug|Any CPU.ActiveCfg = Debug|Any CPU
		{D1170EB7-A07E-4B5A-BBB2-D16FB8548940}.Debug|Any CPU.Build.0 = Debug|Any CPU
		{D1170EB7-A07E-4B5A-BBB2-D16FB8548940}.Release|Any CPU.ActiveCfg = Release|Any CPU
		{D1170EB7-A07E-4B5A-BBB2-D16FB8548940}.Release|Any CPU.Build.0 = Release|Any CPU
	EndGlobalSection
	GlobalSection(SolutionProperties) = preSolution
		HideSolutionNode = FALSE
	EndGlobalSection
	GlobalSection(ExtensibilityGlobals) = postSolution
		SolutionGuid = {235C8538-6365-406A-A164-4078A93C5793}
	EndGlobalSection
EndGlobal
