
Microsoft Visual Studio Solution File, Format Version 12.00
# Visual Studio 15
VisualStudioVersion = 15.0.28010.2041
MinimumVisualStudioVersion = 10.0.40219.1
Project("{FAE04EC0-301F-11D3-BF4B-00C04F79EFBC}") = "LL_Reverse", "LL_Reverse\LL_Reverse.csproj", "{4C3BD7A5-22CA-41B0-86EB-2691D575DBF5}"
EndProject
Global
	GlobalSection(SolutionConfigurationPlatforms) = preSolution
		Debug|Any CPU = Debug|Any CPU
		Release|Any CPU = Release|Any CPU
	EndGlobalSection
	GlobalSection(ProjectConfigurationPlatforms) = postSolution
		{4C3BD7A5-22CA-41B0-86EB-2691D575DBF5}.Debug|Any CPU.ActiveCfg = Debug|Any CPU
		{4C3BD7A5-22CA-41B0-86EB-2691D575DBF5}.Debug|Any CPU.Build.0 = Debug|Any CPU
		{4C3BD7A5-22CA-41B0-86EB-2691D575DBF5}.Release|Any CPU.ActiveCfg = Release|Any CPU
		{4C3BD7A5-22CA-41B0-86EB-2691D575DBF5}.Release|Any CPU.Build.0 = Release|Any CPU
	EndGlobalSection
	GlobalSection(SolutionProperties) = preSolution
		HideSolutionNode = FALSE
	EndGlobalSection
	GlobalSection(ExtensibilityGlobals) = postSolution
		SolutionGuid = {29201153-1EFB-4C3B-BC03-7216257B5EC1}
	EndGlobalSection
EndGlobal
