
Microsoft Visual Studio Solution File, Format Version 12.00
# Visual Studio 15
VisualStudioVersion = 15.0.28010.2041
MinimumVisualStudioVersion = 10.0.40219.1
Project("{FAE04EC0-301F-11D3-BF4B-00C04F79EFBC}") = "Stack_and_Queue", "Stack_and_Queue\Stack_and_Queue.csproj", "{56595E17-73D2-4A40-B714-1154889F3273}"
EndProject
Project("{FAE04EC0-301F-11D3-BF4B-00C04F79EFBC}") = "Tests_Stack_and_Queue", "Tests_Stack_and_Queue\Tests_Stack_and_Queue.csproj", "{3E8220A6-0F1E-467A-8D6D-519BBEAE7FF3}"
EndProject
Global
	GlobalSection(SolutionConfigurationPlatforms) = preSolution
		Debug|Any CPU = Debug|Any CPU
		Release|Any CPU = Release|Any CPU
	EndGlobalSection
	GlobalSection(ProjectConfigurationPlatforms) = postSolution
		{56595E17-73D2-4A40-B714-1154889F3273}.Debug|Any CPU.ActiveCfg = Debug|Any CPU
		{56595E17-73D2-4A40-B714-1154889F3273}.Debug|Any CPU.Build.0 = Debug|Any CPU
		{56595E17-73D2-4A40-B714-1154889F3273}.Release|Any CPU.ActiveCfg = Release|Any CPU
		{56595E17-73D2-4A40-B714-1154889F3273}.Release|Any CPU.Build.0 = Release|Any CPU
		{3E8220A6-0F1E-467A-8D6D-519BBEAE7FF3}.Debug|Any CPU.ActiveCfg = Debug|Any CPU
		{3E8220A6-0F1E-467A-8D6D-519BBEAE7FF3}.Debug|Any CPU.Build.0 = Debug|Any CPU
		{3E8220A6-0F1E-467A-8D6D-519BBEAE7FF3}.Release|Any CPU.ActiveCfg = Release|Any CPU
		{3E8220A6-0F1E-467A-8D6D-519BBEAE7FF3}.Release|Any CPU.Build.0 = Release|Any CPU
	EndGlobalSection
	GlobalSection(SolutionProperties) = preSolution
		HideSolutionNode = FALSE
	EndGlobalSection
	GlobalSection(ExtensibilityGlobals) = postSolution
		SolutionGuid = {7B5D0325-C3BA-4539-8249-D6E89617E35B}
	EndGlobalSection
EndGlobal
