
Microsoft Visual Studio Solution File, Format Version 12.00
# Visual Studio 15
VisualStudioVersion = 15.0.28010.2041
MinimumVisualStudioVersion = 10.0.40219.1
Project("{FAE04EC0-301F-11D3-BF4B-00C04F79EFBC}") = "Trees", "Trees\Trees.csproj", "{B0F809B1-C39E-4E55-B6DC-E3B68FBD2D3A}"
EndProject
Global
	GlobalSection(SolutionConfigurationPlatforms) = preSolution
		Debug|Any CPU = Debug|Any CPU
		Release|Any CPU = Release|Any CPU
	EndGlobalSection
	GlobalSection(ProjectConfigurationPlatforms) = postSolution
		{B0F809B1-C39E-4E55-B6DC-E3B68FBD2D3A}.Debug|Any CPU.ActiveCfg = Debug|Any CPU
		{B0F809B1-C39E-4E55-B6DC-E3B68FBD2D3A}.Debug|Any CPU.Build.0 = Debug|Any CPU
		{B0F809B1-C39E-4E55-B6DC-E3B68FBD2D3A}.Release|Any CPU.ActiveCfg = Release|Any CPU
		{B0F809B1-C39E-4E55-B6DC-E3B68FBD2D3A}.Release|Any CPU.Build.0 = Release|Any CPU
	EndGlobalSection
	GlobalSection(SolutionProperties) = preSolution
		HideSolutionNode = FALSE
	EndGlobalSection
	GlobalSection(ExtensibilityGlobals) = postSolution
		SolutionGuid = {F7F6308A-552A-4965-AC2C-B6126A5BF266}
	EndGlobalSection
EndGlobal
