
Microsoft Visual Studio Solution File, Format Version 12.00
# Visual Studio 15
VisualStudioVersion = 15.0.28010.2041
MinimumVisualStudioVersion = 10.0.40219.1
Project("{FAE04EC0-301F-11D3-BF4B-00C04F79EFBC}") = "QueueWithStacks", "QueueWithStacks\QueueWithStacks.csproj", "{EDECBB86-F048-4253-8267-8BEFDDA84A99}"
EndProject
Project("{FAE04EC0-301F-11D3-BF4B-00C04F79EFBC}") = "XUnitTestProject1", "XUnitTestProject1\XUnitTestProject1.csproj", "{6B52B292-5840-4C78-AEE4-8DB8B698DAA2}"
EndProject
Global
	GlobalSection(SolutionConfigurationPlatforms) = preSolution
		Debug|Any CPU = Debug|Any CPU
		Release|Any CPU = Release|Any CPU
	EndGlobalSection
	GlobalSection(ProjectConfigurationPlatforms) = postSolution
		{EDECBB86-F048-4253-8267-8BEFDDA84A99}.Debug|Any CPU.ActiveCfg = Debug|Any CPU
		{EDECBB86-F048-4253-8267-8BEFDDA84A99}.Debug|Any CPU.Build.0 = Debug|Any CPU
		{EDECBB86-F048-4253-8267-8BEFDDA84A99}.Release|Any CPU.ActiveCfg = Release|Any CPU
		{EDECBB86-F048-4253-8267-8BEFDDA84A99}.Release|Any CPU.Build.0 = Release|Any CPU
		{6B52B292-5840-4C78-AEE4-8DB8B698DAA2}.Debug|Any CPU.ActiveCfg = Debug|Any CPU
		{6B52B292-5840-4C78-AEE4-8DB8B698DAA2}.Debug|Any CPU.Build.0 = Debug|Any CPU
		{6B52B292-5840-4C78-AEE4-8DB8B698DAA2}.Release|Any CPU.ActiveCfg = Release|Any CPU
		{6B52B292-5840-4C78-AEE4-8DB8B698DAA2}.Release|Any CPU.Build.0 = Release|Any CPU
	EndGlobalSection
	GlobalSection(SolutionProperties) = preSolution
		HideSolutionNode = FALSE
	EndGlobalSection
	GlobalSection(ExtensibilityGlobals) = postSolution
		SolutionGuid = {F33DA77F-C5ED-4054-A062-AD21C5F9BC0F}
	EndGlobalSection
EndGlobal
