
Microsoft Visual Studio Solution File, Format Version 12.00
# Visual Studio 15
VisualStudioVersion = 15.0.28010.2041
MinimumVisualStudioVersion = 10.0.40219.1
Project("{FAE04EC0-301F-11D3-BF4B-00C04F79EFBC}") = "BreadthFirstTraversal", "BreadthFirstTraversal\BreadthFirstTraversal.csproj", "{EF51D259-F378-4F29-A218-9D6F929E839E}"
EndProject
Global
	GlobalSection(SolutionConfigurationPlatforms) = preSolution
		Debug|Any CPU = Debug|Any CPU
		Release|Any CPU = Release|Any CPU
	EndGlobalSection
	GlobalSection(ProjectConfigurationPlatforms) = postSolution
		{EF51D259-F378-4F29-A218-9D6F929E839E}.Debug|Any CPU.ActiveCfg = Debug|Any CPU
		{EF51D259-F378-4F29-A218-9D6F929E839E}.Debug|Any CPU.Build.0 = Debug|Any CPU
		{EF51D259-F378-4F29-A218-9D6F929E839E}.Release|Any CPU.ActiveCfg = Release|Any CPU
		{EF51D259-F378-4F29-A218-9D6F929E839E}.Release|Any CPU.Build.0 = Release|Any CPU
	EndGlobalSection
	GlobalSection(SolutionProperties) = preSolution
		HideSolutionNode = FALSE
	EndGlobalSection
	GlobalSection(ExtensibilityGlobals) = postSolution
		SolutionGuid = {F7A95CD6-EF21-41B6-BC85-D384DC14C479}
	EndGlobalSection
EndGlobal
